{
  "name": "robot-markdown-companion",
  "version": "0.1.34",
  "lockfileVersion": 3,
  "requires": true,
  "packages": {
    "": {
      "name": "robot-markdown-companion",
      "version": "0.1.34",
      "license": "UNLICENSED",
      "engines": {
        "vscode": "^1.85.0"
      }
    }
  }
}
